// !$*UTF8*$!
{
	archiveVersion = 1;
	classes = {
	};
	objectVersion = 77;
	objects = {

/* Begin PBXBuildFile section */
		1D9C3B87C43D9AC8D2BF8854 /* JustBashJavaScript in Frameworks */ = {isa = PBXBuildFile; productRef = FF2C39BA67C53CF099049622 /* JustBashJavaScript */; };
		440FAB9DDD3ADA7DD7F5F45F /* JustBash in Frameworks */ = {isa = PBXBuildFile; productRef = E0DA7933005A38BC5A92F220 /* JustBash */; };
		4874ACF1AFAB85D78122CFDD /* ShellRunnerModel.swift in Sources */ = {isa = PBXBuildFile; fileRef = 771F29B6A80ACAD9D44AF829 /* ShellRunnerModel.swift */; };
		676B3E7B69B93BF84B402522 /* JustBashPhoneApp.swift in Sources */ = {isa = PBXBuildFile; fileRef = 5D4C5A01D6BD4D493D92224C /* JustBashPhoneApp.swift */; };
		D3785F3FD5844CCF8F69A8BB /* ContentView.swift in Sources */ = {isa = PBXBuildFile; fileRef = 1CEA50DAB5C427E8E8104E0F /* ContentView.swift */; };
/* End PBXBuildFile section */

/* Begin PBXFileReference section */
		1A3F384452B74216E6D9F867 /* just-bash-swift */ = {isa = PBXFileReference; lastKnownFileType = folder; name = "just-bash-swift"; path = ../..; sourceTree = SOURCE_ROOT; };
		1CEA50DAB5C427E8E8104E0F /* ContentView.swift */ = {isa = PBXFileReference; lastKnownFileType = sourcecode.swift; path = ContentView.swift; sourceTree = "<group>"; };
		5D4C5A01D6BD4D493D92224C /* JustBashPhoneApp.swift */ = {isa = PBXFileReference; lastKnownFileType = sourcecode.swift; path = JustBashPhoneApp.swift; sourceTree = "<group>"; };
		771F29B6A80ACAD9D44AF829 /* ShellRunnerModel.swift */ = {isa = PBXFileReference; lastKnownFileType = sourcecode.swift; path = ShellRunnerModel.swift; sourceTree = "<group>"; };
		D6E0E3912DFB9D5A5FFFB7E0 /* JustBashPhone.app */ = {isa = PBXFileReference; includeInIndex = 0; lastKnownFileType = wrapper.application; path = JustBashPhone.app; sourceTree = BUILT_PRODUCTS_DIR; };
/* End PBXFileReference section */

/* Begin PBXFrameworksBuildPhase section */
		6727BF5F16093BD20C31202F /* Frameworks */ = {
			isa = PBXFrameworksBuildPhase;
			buildActionMask = 2147483647;
			files = (
				440FAB9DDD3ADA7DD7F5F45F /* JustBash in Frameworks */,
				1D9C3B87C43D9AC8D2BF8854 /* JustBashJavaScript in Frameworks */,
			);
			runOnlyForDeploymentPostprocessing = 0;
		};
/* End PBXFrameworksBuildPhase section */

/* Begin PBXGroup section */
		31FAC2630847222DAE9D9CA7 /* Products */ = {
			isa = PBXGroup;
			children = (
				D6E0E3912DFB9D5A5FFFB7E0 /* JustBashPhone.app */,
			);
			name = Products;
			sourceTree = "<group>";
		};
		522D65969EC59B2E23A529F5 /* Packages */ = {
			isa = PBXGroup;
			children = (
				1A3F384452B74216E6D9F867 /* just-bash-swift */,
			);
			name = Packages;
			sourceTree = "<group>";
		};
		59209AB8D6623993BCE0D625 /* JustBashPhone */ = {
			isa = PBXGroup;
			children = (
				1CEA50DAB5C427E8E8104E0F /* ContentView.swift */,
				5D4C5A01D6BD4D493D92224C /* JustBashPhoneApp.swift */,
				771F29B6A80ACAD9D44AF829 /* ShellRunnerModel.swift */,
			);
			path = JustBashPhone;
			sourceTree = "<group>";
		};
		5F6ECFDD2D1025DB6CD0C8C0 = {
			isa = PBXGroup;
			children = (
				59209AB8D6623993BCE0D625 /* JustBashPhone */,
				522D65969EC59B2E23A529F5 /* Packages */,
				31FAC2630847222DAE9D9CA7 /* Products */,
			);
			sourceTree = "<group>";
		};
/* End PBXGroup section */

/* Begin PBXNativeTarget section */
		849C94DECE0118DFA5C386FD /* JustBashPhone */ = {
			isa = PBXNativeTarget;
			buildConfigurationList = 31EE072F7C373DE01F5E31DD /* Build configuration list for PBXNativeTarget "JustBashPhone" */;
			buildPhases = (
				C39231CB7CE6955B86D1713C /* Sources */,
				6727BF5F16093BD20C31202F /* Frameworks */,
			);
			buildRules = (
			);
			dependencies = (
			);
			name = JustBashPhone;
			packageProductDependencies = (
				E0DA7933005A38BC5A92F220 /* JustBash */,
				FF2C39BA67C53CF099049622 /* JustBashJavaScript */,
			);
			productName = JustBashPhone;
			productReference = D6E0E3912DFB9D5A5FFFB7E0 /* JustBashPhone.app */;
			productType = "com.apple.product-type.application";
		};
/* End PBXNativeTarget section */

/* Begin PBXProject section */
		03AFC970C7F29AE86D443073 /* Project object */ = {
			isa = PBXProject;
			attributes = {
				BuildIndependentTargetsInParallel = YES;
				LastUpgradeCheck = 1430;
				TargetAttributes = {
					849C94DECE0118DFA5C386FD = {
						ProvisioningStyle = Automatic;
					};
				};
			};
			buildConfigurationList = 6028E4265F5D4998826306EE /* Build configuration list for PBXProject "JustBashPhone" */;
			developmentRegion = en;
			hasScannedForEncodings = 0;
			knownRegions = (
				Base,
				en,
			);
			mainGroup = 5F6ECFDD2D1025DB6CD0C8C0;
			minimizedProjectReferenceProxies = 1;
			packageReferences = (
				675B3BF902244CBD6E490E79 /* XCLocalSwiftPackageReference "../.." */,
			);
			preferredProjectObjectVersion = 77;
			productRefGroup = 31FAC2630847222DAE9D9CA7 /* Products */;
			projectDirPath = "";
			projectRoot = "";
			targets = (
				849C94DECE0118DFA5C386FD /* JustBashPhone */,
			);
		};
/* End PBXProject section */

/* Begin PBXSourcesBuildPhase section */
		C39231CB7CE6955B86D1713C /* Sources */ = {
			isa = PBXSourcesBuildPhase;
			buildActionMask = 2147483647;
			files = (
				D3785F3FD5844CCF8F69A8BB /* ContentView.swift in Sources */,
				676B3E7B69B93BF84B402522 /* JustBashPhoneApp.swift in Sources */,
				4874ACF1AFAB85D78122CFDD /* ShellRunnerModel.swift in Sources */,
			);
			runOnlyForDeploymentPostprocessing = 0;
		};
/* End PBXSourcesBuildPhase section */

/* Begin XCBuildConfiguration section */
		4AF9EE262078830D148ABFFC /* Debug */ = {
			isa = XCBuildConfiguration;
			buildSettings = {
				ASSETCATALOG_COMPILER_APPICON_NAME = AppIcon;
				CODE_SIGN_IDENTITY = "iPhone Developer";
				CODE_SIGN_STYLE = Automatic;
				DEVELOPMENT_ASSET_PATHS = "\"JustBashPhone/Preview Content\"";
				GENERATE_INFOPLIST_FILE = YES;
				INFOPLIST_KEY_CFBundleDisplayName = "Just Bash";
				INFOPLIST_KEY_NSAppTransportSecurity_NSAllowsArbitraryLoads = NO;
				INFOPLIST_KEY_UIApplicationSceneManifest_Generation = YES;
				INFOPLIST_KEY_UILaunchScreen_Generation = YES;
				INFOPLIST_KEY_UIStatusBarStyle = UIStatusBarStyleDefault;
				IPHONEOS_DEPLOYMENT_TARGET = 18.0;
				LD_RUNPATH_SEARCH_PATHS = (
					"$(inherited)",
					"@executable_path/Frameworks",
				);
				PRODUCT_BUNDLE_IDENTIFIER = com.mweinbach.JustBashPhone;
				PRODUCT_NAME = JustBashPhone;
				SDKROOT = iphoneos;
				SUPPORTED_PLATFORMS = "iphoneos iphonesimulator";
				SWIFT_VERSION = 6.0;
				TARGETED_DEVICE_FAMILY = "1,2";
			};
			name = Debug;
		};
		7E8F5B8164D0A0A229743058 /* Debug */ = {
			isa = XCBuildConfiguration;
			buildSettings = {
				ALWAYS_SEARCH_USER_PATHS = NO;
				CLANG_ANALYZER_NONNULL = YES;
				CLANG_ANALYZER_NUMBER_OBJECT_CONVERSION = YES_AGGRESSIVE;
				CLANG_CXX_LANGUAGE_STANDARD = "gnu++14";
				CLANG_CXX_LIBRARY = "libc++";
				CLANG_ENABLE_MODULES = YES;
				CLANG_ENABLE_OBJC_ARC = YES;
				CLANG_ENABLE_OBJC_WEAK = YES;
				CLANG_WARN_BLOCK_CAPTURE_AUTORELEASING = YES;
				CLANG_WARN_BOOL_CONVERSION = YES;
				CLANG_WARN_COMMA = YES;
				CLANG_WARN_CONSTANT_CONVERSION = YES;
				CLANG_WARN_DEPRECATED_OBJC_IMPLEMENTATIONS = YES;
				CLANG_WARN_DIRECT_OBJC_ISA_USAGE = YES_ERROR;
				CLANG_WARN_DOCUMENTATION_COMMENTS = YES;
				CLANG_WARN_EMPTY_BODY = YES;
				CLANG_WARN_ENUM_CONVERSION = YES;
				CLANG_WARN_INFINITE_RECURSION = YES;
				CLANG_WARN_INT_CONVERSION = YES;
				CLANG_WARN_NON_LITERAL_NULL_CONVERSION = YES;
				CLANG_WARN_OBJC_IMPLICIT_RETAIN_SELF = YES;
				CLANG_WARN_OBJC_LITERAL_CONVERSION = YES;
				CLANG_WARN_OBJC_ROOT_CLASS = YES_ERROR;
				CLANG_WARN_QUOTED_INCLUDE_IN_FRAMEWORK_HEADER = YES;
				CLANG_WARN_RANGE_LOOP_ANALYSIS = YES;
				CLANG_WARN_STRICT_PROTOTYPES = YES;
				CLANG_WARN_SUSPICIOUS_MOVE = YES;
				CLANG_WARN_UNGUARDED_AVAILABILITY = YES_AGGRESSIVE;
				CLANG_WARN_UNREACHABLE_CODE = YES;
				CLANG_WARN__DUPLICATE_METHOD_MATCH = YES;
				COPY_PHASE_STRIP = NO;
				DEBUG_INFORMATION_FORMAT = dwarf;
				ENABLE_STRICT_OBJC_MSGSEND = YES;
				ENABLE_TESTABILITY = YES;
				GCC_C_LANGUAGE_STANDARD = gnu11;
				GCC_DYNAMIC_NO_PIC = NO;
				GCC_NO_COMMON_BLOCKS = YES;
				GCC_OPTIMIZATION_LEVEL = 0;
				GCC_PREPROCESSOR_DEFINITIONS = (
					"$(inherited)",
					"DEBUG=1",
				);
				GCC_WARN_64_TO_32_BIT_CONVERSION = YES;
				GCC_WARN_ABOUT_RETURN_TYPE = YES_ERROR;
				GCC_WARN_UNDECLARED_SELECTOR = YES;
				GCC_WARN_UNINITIALIZED_AUTOS = YES_AGGRESSIVE;
				GCC_WARN_UNUSED_FUNCTION = YES;
				GCC_WARN_UNUSED_VARIABLE = YES;
				IPHONEOS_DEPLOYMENT_TARGET = 18.0;
				MTL_ENABLE_DEBUG_INFO = INCLUDE_SOURCE;
				MTL_FAST_MATH = YES;
				ONLY_ACTIVE_ARCH = YES;
				PRODUCT_NAME = "$(TARGET_NAME)";
				SDKROOT = iphoneos;
				SWIFT_ACTIVE_COMPILATION_CONDITIONS = DEBUG;
				SWIFT_OPTIMIZATION_LEVEL = "-Onone";
				SWIFT_VERSION = 5.0;
			};
			name = Debug;
		};
		9AA5A19E25F77914C767018B /* Release */ = {
			isa = XCBuildConfiguration;
			buildSettings = {
				ASSETCATALOG_COMPILER_APPICON_NAME = AppIcon;
				CODE_SIGN_IDENTITY = "iPhone Developer";
				CODE_SIGN_STYLE = Automatic;
				DEVELOPMENT_ASSET_PATHS = "\"JustBashPhone/Preview Content\"";
				GENERATE_INFOPLIST_FILE = YES;
				INFOPLIST_KEY_CFBundleDisplayName = "Just Bash";
				INFOPLIST_KEY_NSAppTransportSecurity_NSAllowsArbitraryLoads = NO;
				INFOPLIST_KEY_UIApplicationSceneManifest_Generation = YES;
				INFOPLIST_KEY_UILaunchScreen_Generation = YES;
				INFOPLIST_KEY_UIStatusBarStyle = UIStatusBarStyleDefault;
				IPHONEOS_DEPLOYMENT_TARGET = 18.0;
				LD_RUNPATH_SEARCH_PATHS = (
					"$(inherited)",
					"@executable_path/Frameworks",
				);
				PRODUCT_BUNDLE_IDENTIFIER = com.mweinbach.JustBashPhone;
				PRODUCT_NAME = JustBashPhone;
				SDKROOT = iphoneos;
				SUPPORTED_PLATFORMS = "iphoneos iphonesimulator";
				SWIFT_VERSION = 6.0;
				TARGETED_DEVICE_FAMILY = "1,2";
			};
			name = Release;
		};
		D3FC820F0DCDBF0C8B5C8402 /* Release */ = {
			isa = XCBuildConfiguration;
			buildSettings = {
				ALWAYS_SEARCH_USER_PATHS = NO;
				CLANG_ANALYZER_NONNULL = YES;
				CLANG_ANALYZER_NUMBER_OBJECT_CONVERSION = YES_AGGRESSIVE;
				CLANG_CXX_LANGUAGE_STANDARD = "gnu++14";
				CLANG_CXX_LIBRARY = "libc++";
				CLANG_ENABLE_MODULES = YES;
				CLANG_ENABLE_OBJC_ARC = YES;
				CLANG_ENABLE_OBJC_WEAK = YES;
				CLANG_WARN_BLOCK_CAPTURE_AUTORELEASING = YES;
				CLANG_WARN_BOOL_CONVERSION = YES;
				CLANG_WARN_COMMA = YES;
				CLANG_WARN_CONSTANT_CONVERSION = YES;
				CLANG_WARN_DEPRECATED_OBJC_IMPLEMENTATIONS = YES;
				CLANG_WARN_DIRECT_OBJC_ISA_USAGE = YES_ERROR;
				CLANG_WARN_DOCUMENTATION_COMMENTS = YES;
				CLANG_WARN_EMPTY_BODY = YES;
				CLANG_WARN_ENUM_CONVERSION = YES;
				CLANG_WARN_INFINITE_RECURSION = YES;
				CLANG_WARN_INT_CONVERSION = YES;
				CLANG_WARN_NON_LITERAL_NULL_CONVERSION = YES;
				CLANG_WARN_OBJC_IMPLICIT_RETAIN_SELF = YES;
				CLANG_WARN_OBJC_LITERAL_CONVERSION = YES;
				CLANG_WARN_OBJC_ROOT_CLASS = YES_ERROR;
				CLANG_WARN_QUOTED_INCLUDE_IN_FRAMEWORK_HEADER = YES;
				CLANG_WARN_RANGE_LOOP_ANALYSIS = YES;
				CLANG_WARN_STRICT_PROTOTYPES = YES;
				CLANG_WARN_SUSPICIOUS_MOVE = YES;
				CLANG_WARN_UNGUARDED_AVAILABILITY = YES_AGGRESSIVE;
				CLANG_WARN_UNREACHABLE_CODE = YES;
				CLANG_WARN__DUPLICATE_METHOD_MATCH = YES;
				COPY_PHASE_STRIP = NO;
				DEBUG_INFORMATION_FORMAT = "dwarf-with-dsym";
				ENABLE_NS_ASSERTIONS = NO;
				ENABLE_STRICT_OBJC_MSGSEND = YES;
				GCC_C_LANGUAGE_STANDARD = gnu11;
				GCC_NO_COMMON_BLOCKS = YES;
				GCC_WARN_64_TO_32_BIT_CONVERSION = YES;
				GCC_WARN_ABOUT_RETURN_TYPE = YES_ERROR;
				GCC_WARN_UNDECLARED_SELECTOR = YES;
				GCC_WARN_UNINITIALIZED_AUTOS = YES_AGGRESSIVE;
				GCC_WARN_UNUSED_FUNCTION = YES;
				GCC_WARN_UNUSED_VARIABLE = YES;
				IPHONEOS_DEPLOYMENT_TARGET = 18.0;
				MTL_ENABLE_DEBUG_INFO = NO;
				MTL_FAST_MATH = YES;
				PRODUCT_NAME = "$(TARGET_NAME)";
				SDKROOT = iphoneos;
				SWIFT_COMPILATION_MODE = wholemodule;
				SWIFT_OPTIMIZATION_LEVEL = "-O";
				SWIFT_VERSION = 5.0;
			};
			name = Release;
		};
/* End XCBuildConfiguration section */

/* Begin XCConfigurationList section */
		31EE072F7C373DE01F5E31DD /* Build configuration list for PBXNativeTarget "JustBashPhone" */ = {
			isa = XCConfigurationList;
			buildConfigurations = (
				4AF9EE262078830D148ABFFC /* Debug */,
				9AA5A19E25F77914C767018B /* Release */,
			);
			defaultConfigurationIsVisible = 0;
			defaultConfigurationName = Debug;
		};
		6028E4265F5D4998826306EE /* Build configuration list for PBXProject "JustBashPhone" */ = {
			isa = XCConfigurationList;
			buildConfigurations = (
				7E8F5B8164D0A0A229743058 /* Debug */,
				D3FC820F0DCDBF0C8B5C8402 /* Release */,
			);
			defaultConfigurationIsVisible = 0;
			defaultConfigurationName = Debug;
		};
/* End XCConfigurationList section */

/* Begin XCLocalSwiftPackageReference section */
		675B3BF902244CBD6E490E79 /* XCLocalSwiftPackageReference "../.." */ = {
			isa = XCLocalSwiftPackageReference;
			relativePath = ../..;
		};
/* End XCLocalSwiftPackageReference section */

/* Begin XCSwiftPackageProductDependency section */
		E0DA7933005A38BC5A92F220 /* JustBash */ = {
			isa = XCSwiftPackageProductDependency;
			productName = JustBash;
		};
		FF2C39BA67C53CF099049622 /* JustBashJavaScript */ = {
			isa = XCSwiftPackageProductDependency;
			productName = JustBashJavaScript;
		};
/* End XCSwiftPackageProductDependency section */
	};
	rootObject = 03AFC970C7F29AE86D443073 /* Project object */;
}
